// !$*UTF8*$!
{
	archiveVersion = 1;
	classes = {
	};
	objectVersion = 56;
	objects = {

/* Begin PBXBuildFile section */
		ACB1C2F8293559E70095D43A /* SaveRecipeApp.swift in Sources */ = {isa = PBXBuildFile; fileRef = ACB1C2F7293559E70095D43A /* SaveRecipeApp.swift */; };
		ACB1C2FA293559E70095D43A /* ContentView.swift in Sources */ = {isa = PBXBuildFile; fileRef = ACB1C2F9293559E70095D43A /* ContentView.swift */; };
		ACB1C2FC293559E80095D43A /* Assets.xcassets in Resources */ = {isa = PBXBuildFile; fileRef = ACB1C2FB293559E80095D43A /* Assets.xcassets */; };
		ACB1C2FF293559E80095D43A /* Preview Assets.xcassets in Resources */ = {isa = PBXBuildFile; fileRef = ACB1C2FE293559E80095D43A /* Preview Assets.xcassets */; };
		ACB1C30E29355ABB0095D43A /* SettingsView.swift in Sources */ = {isa = PBXBuildFile; fileRef = ACB1C30D29355ABB0095D43A /* SettingsView.swift */; };
		ACB1C31029355AC30095D43A /* FavoritesView.swift in Sources */ = {isa = PBXBuildFile; fileRef = ACB1C30F29355AC30095D43A /* FavoritesView.swift */; };
		ACB1C31229355AF20095D43A /* NewRecipeView.swift in Sources */ = {isa = PBXBuildFile; fileRef = ACB1C31129355AF20095D43A /* NewRecipeView.swift */; };
		ACB1C31429355AFC0095D43A /* CategoriesView.swift in Sources */ = {isa = PBXBuildFile; fileRef = ACB1C31329355AFC0095D43A /* CategoriesView.swift */; };
		ACB1C31629355B060095D43A /* HomeView.swift in Sources */ = {isa = PBXBuildFile; fileRef = ACB1C31529355B060095D43A /* HomeView.swift */; };
		ACB1C31829355CF90095D43A /* TabBar.swift in Sources */ = {isa = PBXBuildFile; fileRef = ACB1C31729355CF90095D43A /* TabBar.swift */; };
		ACB1C31A29355FFA0095D43A /* RecipeModel.swift in Sources */ = {isa = PBXBuildFile; fileRef = ACB1C31929355FFA0095D43A /* RecipeModel.swift */; };
		ACB1C31C2935602F0095D43A /* CategoriesEnum.swift in Sources */ = {isa = PBXBuildFile; fileRef = ACB1C31B2935602F0095D43A /* CategoriesEnum.swift */; };
		ACB1C31E293563CE0095D43A /* RecipeCard.swift in Sources */ = {isa = PBXBuildFile; fileRef = ACB1C31D293563CE0095D43A /* RecipeCard.swift */; };
		ACB1C320293567720095D43A /* RecipeList.swift in Sources */ = {isa = PBXBuildFile; fileRef = ACB1C31F293567720095D43A /* RecipeList.swift */; };
		ACB1C32229356C4C0095D43A /* RecipeDetailView.swift in Sources */ = {isa = PBXBuildFile; fileRef = ACB1C32129356C4C0095D43A /* RecipeDetailView.swift */; };
		ACB1C324293571DC0095D43A /* CategoryDetailView.swift in Sources */ = {isa = PBXBuildFile; fileRef = ACB1C323293571DC0095D43A /* CategoryDetailView.swift */; };
/* End PBXBuildFile section */

/* Begin PBXFileReference section */
		ACB1C2F4293559E70095D43A /* SaveRecipe.app */ = {isa = PBXFileReference; explicitFileType = wrapper.application; includeInIndex = 0; path = SaveRecipe.app; sourceTree = BUILT_PRODUCTS_DIR; };
		ACB1C2F7293559E70095D43A /* SaveRecipeApp.swift */ = {isa = PBXFileReference; lastKnownFileType = sourcecode.swift; path = SaveRecipeApp.swift; sourceTree = "<group>"; };
		ACB1C2F9293559E70095D43A /* ContentView.swift */ = {isa = PBXFileReference; lastKnownFileType = sourcecode.swift; path = ContentView.swift; sourceTree = "<group>"; };
		ACB1C2FB293559E80095D43A /* Assets.xcassets */ = {isa = PBXFileReference; lastKnownFileType = folder.assetcatalog; path = Assets.xcassets; sourceTree = "<group>"; };
		ACB1C2FE293559E80095D43A /* Preview Assets.xcassets */ = {isa = PBXFileReference; lastKnownFileType = folder.assetcatalog; path = "Preview Assets.xcassets"; sourceTree = "<group>"; };
		ACB1C30D29355ABB0095D43A /* SettingsView.swift */ = {isa = PBXFileReference; lastKnownFileType = sourcecode.swift; path = SettingsView.swift; sourceTree = "<group>"; };
		ACB1C30F29355AC30095D43A /* FavoritesView.swift */ = {isa = PBXFileReference; lastKnownFileType = sourcecode.swift; path = FavoritesView.swift; sourceTree = "<group>"; };
		ACB1C31129355AF20095D43A /* NewRecipeView.swift */ = {isa = PBXFileReference; lastKnownFileType = sourcecode.swift; path = NewRecipeView.swift; sourceTree = "<group>"; };
		ACB1C31329355AFC0095D43A /* CategoriesView.swift */ = {isa = PBXFileReference; lastKnownFileType = sourcecode.swift; path = CategoriesView.swift; sourceTree = "<group>"; };
		ACB1C31529355B060095D43A /* HomeView.swift */ = {isa = PBXFileReference; lastKnownFileType = sourcecode.swift; path = HomeView.swift; sourceTree = "<group>"; };
		ACB1C31729355CF90095D43A /* TabBar.swift */ = {isa = PBXFileReference; lastKnownFileType = sourcecode.swift; path = TabBar.swift; sourceTree = "<group>"; };
		ACB1C31929355FFA0095D43A /* RecipeModel.swift */ = {isa = PBXFileReference; lastKnownFileType = sourcecode.swift; path = RecipeModel.swift; sourceTree = "<group>"; };
		ACB1C31B2935602F0095D43A /* CategoriesEnum.swift */ = {isa = PBXFileReference; lastKnownFileType = sourcecode.swift; path = CategoriesEnum.swift; sourceTree = "<group>"; };
		ACB1C31D293563CE0095D43A /* RecipeCard.swift */ = {isa = PBXFileReference; lastKnownFileType = sourcecode.swift; path = RecipeCard.swift; sourceTree = "<group>"; };
		ACB1C31F293567720095D43A /* RecipeList.swift */ = {isa = PBXFileReference; lastKnownFileType = sourcecode.swift; path = RecipeList.swift; sourceTree = "<group>"; };
		ACB1C32129356C4C0095D43A /* RecipeDetailView.swift */ = {isa = PBXFileReference; lastKnownFileType = sourcecode.swift; path = RecipeDetailView.swift; sourceTree = "<group>"; };
		ACB1C323293571DC0095D43A /* CategoryDetailView.swift */ = {isa = PBXFileReference; lastKnownFileType = sourcecode.swift; path = CategoryDetailView.swift; sourceTree = "<group>"; };
/* End PBXFileReference section */

/* Begin PBXFrameworksBuildPhase section */
		ACB1C2F1293559E70095D43A /* Frameworks */ = {
			isa = PBXFrameworksBuildPhase;
			buildActionMask = 2147483647;
			files = (
			);
			runOnlyForDeploymentPostprocessing = 0;
		};
/* End PBXFrameworksBuildPhase section */

/* Begin PBXGroup section */
		ACB1C2EB293559E70095D43A = {
			isa = PBXGroup;
			children = (
				ACB1C2F6293559E70095D43A /* SaveRecipe */,
				ACB1C2F5293559E70095D43A /* Products */,
			);
			sourceTree = "<group>";
		};
		ACB1C2F5293559E70095D43A /* Products */ = {
			isa = PBXGroup;
			children = (
				ACB1C2F4293559E70095D43A /* SaveRecipe.app */,
			);
			name = Products;
			sourceTree = "<group>";
		};
		ACB1C2F6293559E70095D43A /* SaveRecipe */ = {
			isa = PBXGroup;
			children = (
				ACB1C2F7293559E70095D43A /* SaveRecipeApp.swift */,
				ACB1C30729355A370095D43A /* Models */,
				ACB1C30629355A320095D43A /* ViewModels */,
				ACB1C30529355A2C0095D43A /* Views */,
				ACB1C2FB293559E80095D43A /* Assets.xcassets */,
				ACB1C2FD293559E80095D43A /* Preview Content */,
			);
			path = SaveRecipe;
			sourceTree = "<group>";
		};
		ACB1C2FD293559E80095D43A /* Preview Content */ = {
			isa = PBXGroup;
			children = (
				ACB1C2FE293559E80095D43A /* Preview Assets.xcassets */,
			);
			path = "Preview Content";
			sourceTree = "<group>";
		};
		ACB1C30529355A2C0095D43A /* Views */ = {
			isa = PBXGroup;
			children = (
				ACB1C30829355A430095D43A /* Main */,
				ACB1C30929355A4B0095D43A /* Detail */,
				ACB1C30A29355A500095D43A /* Component */,
			);
			path = Views;
			sourceTree = "<group>";
		};
		ACB1C30629355A320095D43A /* ViewModels */ = {
			isa = PBXGroup;
			children = (
			);
			path = ViewModels;
			sourceTree = "<group>";
		};
		ACB1C30729355A370095D43A /* Models */ = {
			isa = PBXGroup;
			children = (
				ACB1C31929355FFA0095D43A /* RecipeModel.swift */,
				ACB1C31B2935602F0095D43A /* CategoriesEnum.swift */,
			);
			path = Models;
			sourceTree = "<group>";
		};
		ACB1C30829355A430095D43A /* Main */ = {
			isa = PBXGroup;
			children = (
				ACB1C2F9293559E70095D43A /* ContentView.swift */,
				ACB1C31729355CF90095D43A /* TabBar.swift */,
				ACB1C31529355B060095D43A /* HomeView.swift */,
				ACB1C31329355AFC0095D43A /* CategoriesView.swift */,
				ACB1C31129355AF20095D43A /* NewRecipeView.swift */,
				ACB1C30F29355AC30095D43A /* FavoritesView.swift */,
				ACB1C30D29355ABB0095D43A /* SettingsView.swift */,
			);
			path = Main;
			sourceTree = "<group>";
		};
		ACB1C30929355A4B0095D43A /* Detail */ = {
			isa = PBXGroup;
			children = (
				ACB1C32129356C4C0095D43A /* RecipeDetailView.swift */,
				ACB1C323293571DC0095D43A /* CategoryDetailView.swift */,
			);
			path = Detail;
			sourceTree = "<group>";
		};
		ACB1C30A29355A500095D43A /* Component */ = {
			isa = PBXGroup;
			children = (
				ACB1C31D293563CE0095D43A /* RecipeCard.swift */,
				ACB1C31F293567720095D43A /* RecipeList.swift */,
			);
			path = Component;
			sourceTree = "<group>";
		};
/* End PBXGroup section */

/* Begin PBXNativeTarget section */
		ACB1C2F3293559E70095D43A /* SaveRecipe */ = {
			isa = PBXNativeTarget;
			buildConfigurationList = ACB1C302293559E80095D43A /* Build configuration list for PBXNativeTarget "SaveRecipe" */;
			buildPhases = (
				ACB1C2F0293559E70095D43A /* Sources */,
				ACB1C2F1293559E70095D43A /* Frameworks */,
				ACB1C2F2293559E70095D43A /* Resources */,
			);
			buildRules = (
			);
			dependencies = (
			);
			name = SaveRecipe;
			productName = SaveRecipe;
			productReference = ACB1C2F4293559E70095D43A /* SaveRecipe.app */;
			productType = "com.apple.product-type.application";
		};
/* End PBXNativeTarget section */

/* Begin PBXProject section */
		ACB1C2EC293559E70095D43A /* Project object */ = {
			isa = PBXProject;
			attributes = {
				BuildIndependentTargetsInParallel = 1;
				LastSwiftUpdateCheck = 1410;
				LastUpgradeCheck = 1410;
				TargetAttributes = {
					ACB1C2F3293559E70095D43A = {
						CreatedOnToolsVersion = 14.1;
					};
				};
			};
			buildConfigurationList = ACB1C2EF293559E70095D43A /* Build configuration list for PBXProject "SaveRecipe" */;
			compatibilityVersion = "Xcode 14.0";
			developmentRegion = en;
			hasScannedForEncodings = 0;
			knownRegions = (
				en,
				Base,
			);
			mainGroup = ACB1C2EB293559E70095D43A;
			productRefGroup = ACB1C2F5293559E70095D43A /* Products */;
			projectDirPath = "";
			projectRoot = "";
			targets = (
				ACB1C2F3293559E70095D43A /* SaveRecipe */,
			);
		};
/* End PBXProject section */

/* Begin PBXResourcesBuildPhase section */
		ACB1C2F2293559E70095D43A /* Resources */ = {
			isa = PBXResourcesBuildPhase;
			buildActionMask = 2147483647;
			files = (
				ACB1C2FF293559E80095D43A /* Preview Assets.xcassets in Resources */,
				ACB1C2FC293559E80095D43A /* Assets.xcassets in Resources */,
			);
			runOnlyForDeploymentPostprocessing = 0;
		};
/* End PBXResourcesBuildPhase section */

/* Begin PBXSourcesBuildPhase section */
		ACB1C2F0293559E70095D43A /* Sources */ = {
			isa = PBXSourcesBuildPhase;
			buildActionMask = 2147483647;
			files = (
				ACB1C31029355AC30095D43A /* FavoritesView.swift in Sources */,
				ACB1C31629355B060095D43A /* HomeView.swift in Sources */,
				ACB1C32229356C4C0095D43A /* RecipeDetailView.swift in Sources */,
				ACB1C31229355AF20095D43A /* NewRecipeView.swift in Sources */,
				ACB1C31829355CF90095D43A /* TabBar.swift in Sources */,
				ACB1C324293571DC0095D43A /* CategoryDetailView.swift in Sources */,
				ACB1C31429355AFC0095D43A /* CategoriesView.swift in Sources */,
				ACB1C30E29355ABB0095D43A /* SettingsView.swift in Sources */,
				ACB1C2FA293559E70095D43A /* ContentView.swift in Sources */,
				ACB1C320293567720095D43A /* RecipeList.swift in Sources */,
				ACB1C2F8293559E70095D43A /* SaveRecipeApp.swift in Sources */,
				ACB1C31C2935602F0095D43A /* CategoriesEnum.swift in Sources */,
				ACB1C31E293563CE0095D43A /* RecipeCard.swift in Sources */,
				ACB1C31A29355FFA0095D43A /* RecipeModel.swift in Sources */,
			);
			runOnlyForDeploymentPostprocessing = 0;
		};
/* End PBXSourcesBuildPhase section */

/* Begin XCBuildConfiguration section */
		ACB1C300293559E80095D43A /* Debug */ = {
			isa = XCBuildConfiguration;
			buildSettings = {
				ALWAYS_SEARCH_USER_PATHS = NO;
				CLANG_ANALYZER_NONNULL = YES;
				CLANG_ANALYZER_NUMBER_OBJECT_CONVERSION = YES_AGGRESSIVE;
				CLANG_CXX_LANGUAGE_STANDARD = "gnu++20";
				CLANG_ENABLE_MODULES = YES;
				CLANG_ENABLE_OBJC_ARC = YES;
				CLANG_ENABLE_OBJC_WEAK = YES;
				CLANG_WARN_BLOCK_CAPTURE_AUTORELEASING = YES;
				CLANG_WARN_BOOL_CONVERSION = YES;
				CLANG_WARN_COMMA = YES;
				CLANG_WARN_CONSTANT_CONVERSION = YES;
				CLANG_WARN_DEPRECATED_OBJC_IMPLEMENTATIONS = YES;
				CLANG_WARN_DIRECT_OBJC_ISA_USAGE = YES_ERROR;
				CLANG_WARN_DOCUMENTATION_COMMENTS = YES;
				CLANG_WARN_EMPTY_BODY = YES;
				CLANG_WARN_ENUM_CONVERSION = YES;
				CLANG_WARN_INFINITE_RECURSION = YES;
				CLANG_WARN_INT_CONVERSION = YES;
				CLANG_WARN_NON_LITERAL_NULL_CONVERSION = YES;
				CLANG_WARN_OBJC_IMPLICIT_RETAIN_SELF = YES;
				CLANG_WARN_OBJC_LITERAL_CONVERSION = YES;
				CLANG_WARN_OBJC_ROOT_CLASS = YES_ERROR;
				CLANG_WARN_QUOTED_INCLUDE_IN_FRAMEWORK_HEADER = YES;
				CLANG_WARN_RANGE_LOOP_ANALYSIS = YES;
				CLANG_WARN_STRICT_PROTOTYPES = YES;
				CLANG_WARN_SUSPICIOUS_MOVE = YES;
				CLANG_WARN_UNGUARDED_AVAILABILITY = YES_AGGRESSIVE;
				CLANG_WARN_UNREACHABLE_CODE = YES;
				CLANG_WARN__DUPLICATE_METHOD_MATCH = YES;
				COPY_PHASE_STRIP = NO;
				DEBUG_INFORMATION_FORMAT = dwarf;
				ENABLE_STRICT_OBJC_MSGSEND = YES;
				ENABLE_TESTABILITY = YES;
				GCC_C_LANGUAGE_STANDARD = gnu11;
				GCC_DYNAMIC_NO_PIC = NO;
				GCC_NO_COMMON_BLOCKS = YES;
				GCC_OPTIMIZATION_LEVEL = 0;
				GCC_PREPROCESSOR_DEFINITIONS = (
					"DEBUG=1",
					"$(inherited)",
				);
				GCC_WARN_64_TO_32_BIT_CONVERSION = YES;
				GCC_WARN_ABOUT_RETURN_TYPE = YES_ERROR;
				GCC_WARN_UNDECLARED_SELECTOR = YES;
				GCC_WARN_UNINITIALIZED_AUTOS = YES_AGGRESSIVE;
				GCC_WARN_UNUSED_FUNCTION = YES;
				GCC_WARN_UNUSED_VARIABLE = YES;
				IPHONEOS_DEPLOYMENT_TARGET = 16.1;
				MTL_ENABLE_DEBUG_INFO = INCLUDE_SOURCE;
				MTL_FAST_MATH = YES;
				ONLY_ACTIVE_ARCH = YES;
				SDKROOT = iphoneos;
				SWIFT_ACTIVE_COMPILATION_CONDITIONS = DEBUG;
				SWIFT_OPTIMIZATION_LEVEL = "-Onone";
			};
			name = Debug;
		};
		ACB1C301293559E80095D43A /* Release */ = {
			isa = XCBuildConfiguration;
			buildSettings = {
				ALWAYS_SEARCH_USER_PATHS = NO;
				CLANG_ANALYZER_NONNULL = YES;
				CLANG_ANALYZER_NUMBER_OBJECT_CONVERSION = YES_AGGRESSIVE;
				CLANG_CXX_LANGUAGE_STANDARD = "gnu++20";
				CLANG_ENABLE_MODULES = YES;
				CLANG_ENABLE_OBJC_ARC = YES;
				CLANG_ENABLE_OBJC_WEAK = YES;
				CLANG_WARN_BLOCK_CAPTURE_AUTORELEASING = YES;
				CLANG_WARN_BOOL_CONVERSION = YES;
				CLANG_WARN_COMMA = YES;
				CLANG_WARN_CONSTANT_CONVERSION = YES;
				CLANG_WARN_DEPRECATED_OBJC_IMPLEMENTATIONS = YES;
				CLANG_WARN_DIRECT_OBJC_ISA_USAGE = YES_ERROR;
				CLANG_WARN_DOCUMENTATION_COMMENTS = YES;
				CLANG_WARN_EMPTY_BODY = YES;
				CLANG_WARN_ENUM_CONVERSION = YES;
				CLANG_WARN_INFINITE_RECURSION = YES;
				CLANG_WARN_INT_CONVERSION = YES;
				CLANG_WARN_NON_LITERAL_NULL_CONVERSION = YES;
				CLANG_WARN_OBJC_IMPLICIT_RETAIN_SELF = YES;
				CLANG_WARN_OBJC_LITERAL_CONVERSION = YES;
				CLANG_WARN_OBJC_ROOT_CLASS = YES_ERROR;
				CLANG_WARN_QUOTED_INCLUDE_IN_FRAMEWORK_HEADER = YES;
				CLANG_WARN_RANGE_LOOP_ANALYSIS = YES;
				CLANG_WARN_STRICT_PROTOTYPES = YES;
				CLANG_WARN_SUSPICIOUS_MOVE = YES;
				CLANG_WARN_UNGUARDED_AVAILABILITY = YES_AGGRESSIVE;
				CLANG_WARN_UNREACHABLE_CODE = YES;
				CLANG_WARN__DUPLICATE_METHOD_MATCH = YES;
				COPY_PHASE_STRIP = NO;
				DEBUG_INFORMATION_FORMAT = "dwarf-with-dsym";
				ENABLE_NS_ASSERTIONS = NO;
				ENABLE_STRICT_OBJC_MSGSEND = YES;
				GCC_C_LANGUAGE_STANDARD = gnu11;
				GCC_NO_COMMON_BLOCKS = YES;
				GCC_WARN_64_TO_32_BIT_CONVERSION = YES;
				GCC_WARN_ABOUT_RETURN_TYPE = YES_ERROR;
				GCC_WARN_UNDECLARED_SELECTOR = YES;
				GCC_WARN_UNINITIALIZED_AUTOS = YES_AGGRESSIVE;
				GCC_WARN_UNUSED_FUNCTION = YES;
				GCC_WARN_UNUSED_VARIABLE = YES;
				IPHONEOS_DEPLOYMENT_TARGET = 16.1;
				MTL_ENABLE_DEBUG_INFO = NO;
				MTL_FAST_MATH = YES;
				SDKROOT = iphoneos;
				SWIFT_COMPILATION_MODE = wholemodule;
				SWIFT_OPTIMIZATION_LEVEL = "-O";
				VALIDATE_PRODUCT = YES;
			};
			name = Release;
		};
		ACB1C303293559E80095D43A /* Debug */ = {
			isa = XCBuildConfiguration;
			buildSettings = {
				ASSETCATALOG_COMPILER_APPICON_NAME = AppIcon;
				ASSETCATALOG_COMPILER_GLOBAL_ACCENT_COLOR_NAME = AccentColor;
				CODE_SIGN_STYLE = Automatic;
				CURRENT_PROJECT_VERSION = 1;
				DEVELOPMENT_ASSET_PATHS = "\"SaveRecipe/Preview Content\"";
				DEVELOPMENT_TEAM = M4SYRBQBFW;
				ENABLE_PREVIEWS = YES;
				GENERATE_INFOPLIST_FILE = YES;
				INFOPLIST_KEY_UIApplicationSceneManifest_Generation = YES;
				INFOPLIST_KEY_UIApplicationSupportsIndirectInputEvents = YES;
				INFOPLIST_KEY_UILaunchScreen_Generation = YES;
				INFOPLIST_KEY_UISupportedInterfaceOrientations_iPad = "UIInterfaceOrientationPortrait UIInterfaceOrientationPortraitUpsideDown UIInterfaceOrientationLandscapeLeft UIInterfaceOrientationLandscapeRight";
				INFOPLIST_KEY_UISupportedInterfaceOrientations_iPhone = "UIInterfaceOrientationPortrait UIInterfaceOrientationLandscapeLeft UIInterfaceOrientationLandscapeRight";
				LD_RUNPATH_SEARCH_PATHS = (
					"$(inherited)",
					"@executable_path/Frameworks",
				);
				MARKETING_VERSION = 1.0;
				PRODUCT_BUNDLE_IDENTIFIER = com.AhmedAmin.SaveRecipe;
				PRODUCT_NAME = "$(TARGET_NAME)";
				SWIFT_EMIT_LOC_STRINGS = YES;
				SWIFT_VERSION = 5.0;
				TARGETED_DEVICE_FAMILY = "1,2";
			};
			name = Debug;
		};
		ACB1C304293559E80095D43A /* Release */ = {
			isa = XCBuildConfiguration;
			buildSettings = {
				ASSETCATALOG_COMPILER_APPICON_NAME = AppIcon;
				ASSETCATALOG_COMPILER_GLOBAL_ACCENT_COLOR_NAME = AccentColor;
				CODE_SIGN_STYLE = Automatic;
				CURRENT_PROJECT_VERSION = 1;
				DEVELOPMENT_ASSET_PATHS = "\"SaveRecipe/Preview Content\"";
				DEVELOPMENT_TEAM = M4SYRBQBFW;
				ENABLE_PREVIEWS = YES;
				GENERATE_INFOPLIST_FILE = YES;
				INFOPLIST_KEY_UIApplicationSceneManifest_Generation = YES;
				INFOPLIST_KEY_UIApplicationSupportsIndirectInputEvents = YES;
				INFOPLIST_KEY_UILaunchScreen_Generation = YES;
				INFOPLIST_KEY_UISupportedInterfaceOrientations_iPad = "UIInterfaceOrientationPortrait UIInterfaceOrientationPortraitUpsideDown UIInterfaceOrientationLandscapeLeft UIInterfaceOrientationLandscapeRight";
				INFOPLIST_KEY_UISupportedInterfaceOrientations_iPhone = "UIInterfaceOrientationPortrait UIInterfaceOrientationLandscapeLeft UIInterfaceOrientationLandscapeRight";
				LD_RUNPATH_SEARCH_PATHS = (
					"$(inherited)",
					"@executable_path/Frameworks",
				);
				MARKETING_VERSION = 1.0;
				PRODUCT_BUNDLE_IDENTIFIER = com.AhmedAmin.SaveRecipe;
				PRODUCT_NAME = "$(TARGET_NAME)";
				SWIFT_EMIT_LOC_STRINGS = YES;
				SWIFT_VERSION = 5.0;
				TARGETED_DEVICE_FAMILY = "1,2";
			};
			name = Release;
		};
/* End XCBuildConfiguration section */

/* Begin XCConfigurationList section */
		ACB1C2EF293559E70095D43A /* Build configuration list for PBXProject "SaveRecipe" */ = {
			isa = XCConfigurationList;
			buildConfigurations = (
				ACB1C300293559E80095D43A /* Debug */,
				ACB1C301293559E80095D43A /* Release */,
			);
			defaultConfigurationIsVisible = 0;
			defaultConfigurationName = Release;
		};
		ACB1C302293559E80095D43A /* Build configuration list for PBXNativeTarget "SaveRecipe" */ = {
			isa = XCConfigurationList;
			buildConfigurations = (
				ACB1C303293559E80095D43A /* Debug */,
				ACB1C304293559E80095D43A /* Release */,
			);
			defaultConfigurationIsVisible = 0;
			defaultConfigurationName = Release;
		};
/* End XCConfigurationList section */
	};
	rootObject = ACB1C2EC293559E70095D43A /* Project object */;
}
